
Microsoft Visual Studio Solution File, Format Version 12.00
# Visual Studio Version 17
VisualStudioVersion = 17.9.34728.123
MinimumVisualStudioVersion = 10.0.40219.1
Project("{FAE04EC0-301F-11D3-BF4B-00C04F79EFBC}") = "WebApp6ByPratik", "WebApp6ByPratik.csproj", "{15938F5F-F30A-4445-9A03-E45171474CAA}"
EndProject
Global
	GlobalSection(SolutionConfigurationPlatforms) = preSolution
		Debug|Any CPU = Debug|Any CPU
		Release|Any CPU = Release|Any CPU
	EndGlobalSection
	GlobalSection(ProjectConfigurationPlatforms) = postSolution
		{15938F5F-F30A-4445-9A03-E45171474CAA}.Debug|Any CPU.ActiveCfg = Debug|Any CPU
		{15938F5F-F30A-4445-9A03-E45171474CAA}.Debug|Any CPU.Build.0 = Debug|Any CPU
		{15938F5F-F30A-4445-9A03-E45171474CAA}.Release|Any CPU.ActiveCfg = Release|Any CPU
		{15938F5F-F30A-4445-9A03-E45171474CAA}.Release|Any CPU.Build.0 = Release|Any CPU
	EndGlobalSection
	GlobalSection(SolutionProperties) = preSolution
		HideSolutionNode = FALSE
	EndGlobalSection
	GlobalSection(ExtensibilityGlobals) = postSolution
		SolutionGuid = {27D2B714-34AE-448B-9537-8F8FA07EC465}
	EndGlobalSection
EndGlobal
