
Microsoft Visual Studio Solution File, Format Version 12.00
# Visual Studio Version 17
VisualStudioVersion = 17.9.34728.123
MinimumVisualStudioVersion = 10.0.40219.1
Project("{FAE04EC0-301F-11D3-BF4B-00C04F79EFBC}") = "LabNo26a", "LabNo26a.csproj", "{9B03E00E-26EF-48E3-99E4-363297F2C4EB}"
EndProject
Global
	GlobalSection(SolutionConfigurationPlatforms) = preSolution
		Debug|Any CPU = Debug|Any CPU
		Release|Any CPU = Release|Any CPU
	EndGlobalSection
	GlobalSection(ProjectConfigurationPlatforms) = postSolution
		{9B03E00E-26EF-48E3-99E4-363297F2C4EB}.Debug|Any CPU.ActiveCfg = Debug|Any CPU
		{9B03E00E-26EF-48E3-99E4-363297F2C4EB}.Debug|Any CPU.Build.0 = Debug|Any CPU
		{9B03E00E-26EF-48E3-99E4-363297F2C4EB}.Release|Any CPU.ActiveCfg = Release|Any CPU
		{9B03E00E-26EF-48E3-99E4-363297F2C4EB}.Release|Any CPU.Build.0 = Release|Any CPU
	EndGlobalSection
	GlobalSection(SolutionProperties) = preSolution
		HideSolutionNode = FALSE
	EndGlobalSection
	GlobalSection(ExtensibilityGlobals) = postSolution
		SolutionGuid = {4866E964-8DE5-42AF-BFB2-C83898D31F38}
	EndGlobalSection
EndGlobal
